
Microsoft Visual Studio Solution File, Format Version 12.00
# Visual Studio 15
VisualStudioVersion = 15.0.28307.1259
MinimumVisualStudioVersion = 10.0.40219.1
Project("{FAE04EC0-301F-11D3-BF4B-00C04F79EFBC}") = "WCF_eSports", "WCF_eSports\WCF_eSports.csproj", "{9F989743-17EF-4760-A502-BD1A862F03B6}"
EndProject
Project("{FAE04EC0-301F-11D3-BF4B-00C04F79EFBC}") = "WebWCF_eSports", "WebWCF_eSports\WebWCF_eSports.csproj", "{B957233F-DF31-4312-A67E-0011E5BD58E6}"
	ProjectSection(ProjectDependencies) = postProject
		{9F989743-17EF-4760-A502-BD1A862F03B6} = {9F989743-17EF-4760-A502-BD1A862F03B6}
	EndProjectSection
EndProject
Project("{FAE04EC0-301F-11D3-BF4B-00C04F79EFBC}") = "WebMVC_eSport", "WebMVC_eSport\WebMVC_eSport.csproj", "{6DD6CD04-0384-4DBF-9861-9015C5D965E9}"
	ProjectSection(ProjectDependencies) = postProject
		{9F989743-17EF-4760-A502-BD1A862F03B6} = {9F989743-17EF-4760-A502-BD1A862F03B6}
	EndProjectSection
EndProject
Global
	GlobalSection(SolutionConfigurationPlatforms) = preSolution
		Debug|Any CPU = Debug|Any CPU
		Release|Any CPU = Release|Any CPU
	EndGlobalSection
	GlobalSection(ProjectConfigurationPlatforms) = postSolution
		{9F989743-17EF-4760-A502-BD1A862F03B6}.Debug|Any CPU.ActiveCfg = Debug|Any CPU
		{9F989743-17EF-4760-A502-BD1A862F03B6}.Debug|Any CPU.Build.0 = Debug|Any CPU
		{9F989743-17EF-4760-A502-BD1A862F03B6}.Release|Any CPU.ActiveCfg = Release|Any CPU
		{9F989743-17EF-4760-A502-BD1A862F03B6}.Release|Any CPU.Build.0 = Release|Any CPU
		{B957233F-DF31-4312-A67E-0011E5BD58E6}.Debug|Any CPU.ActiveCfg = Debug|Any CPU
		{B957233F-DF31-4312-A67E-0011E5BD58E6}.Debug|Any CPU.Build.0 = Debug|Any CPU
		{B957233F-DF31-4312-A67E-0011E5BD58E6}.Release|Any CPU.ActiveCfg = Release|Any CPU
		{B957233F-DF31-4312-A67E-0011E5BD58E6}.Release|Any CPU.Build.0 = Release|Any CPU
		{6DD6CD04-0384-4DBF-9861-9015C5D965E9}.Debug|Any CPU.ActiveCfg = Debug|Any CPU
		{6DD6CD04-0384-4DBF-9861-9015C5D965E9}.Debug|Any CPU.Build.0 = Debug|Any CPU
		{6DD6CD04-0384-4DBF-9861-9015C5D965E9}.Release|Any CPU.ActiveCfg = Release|Any CPU
		{6DD6CD04-0384-4DBF-9861-9015C5D965E9}.Release|Any CPU.Build.0 = Release|Any CPU
	EndGlobalSection
	GlobalSection(SolutionProperties) = preSolution
		HideSolutionNode = FALSE
	EndGlobalSection
	GlobalSection(ExtensibilityGlobals) = postSolution
		SolutionGuid = {F0F67FC4-E5BF-47EE-B8B9-32DF68873CA5}
	EndGlobalSection
EndGlobal
